
Microsoft Visual Studio Solution File, Format Version 12.00
# Visual Studio Version 17
VisualStudioVersion = 17.5.33424.131
MinimumVisualStudioVersion = 10.0.40219.1
Project("{9A19103F-16F7-4668-BE54-9A1E7A4F7556}") = "GH-Toolkit-Core", "GH-Toolkit-Core.csproj", "{C2E443D5-E121-4CD5-99B9-003838FA85E5}"
	ProjectSection(ProjectDependencies) = postProject
		{C78B3E4F-6B8B-4781-BF1F-56BCA14EDD9F} = {C78B3E4F-6B8B-4781-BF1F-56BCA14EDD9F}
	EndProjectSection
EndProject
Project("{9A19103F-16F7-4668-BE54-9A1E7A4F7556}") = "QBKey-Gen", "..\QBKey-Gen\QBKey-Gen.csproj", "{131287E0-34CD-4968-9AC4-9D49E456B8B7}"
EndProject
Project("{9A19103F-16F7-4668-BE54-9A1E7A4F7556}") = "PS2ArchiveExplorer", "..\PS2ArchiveExplorer\PS2ArchiveExplorer.csproj", "{C7F0FDBE-3BB5-4E3E-A84B-36C1098C42F4}"
	ProjectSection(ProjectDependencies) = postProject
		{C2E443D5-E121-4CD5-99B9-003838FA85E5} = {C2E443D5-E121-4CD5-99B9-003838FA85E5}
	EndProjectSection
EndProject
Project("{2150E333-8FDC-42A3-9474-1A3956D46DE8}") = "Solution Items", "Solution Items", "{4E6CC058-F9E9-4687-A909-981ED4733C2A}"
EndProject
Project("{9A19103F-16F7-4668-BE54-9A1E7A4F7556}") = "QBDecompiler", "..\QBDecompiler\QBDecompiler.csproj", "{F76CCD46-328F-4036-8013-A74AC2BF5793}"
	ProjectSection(ProjectDependencies) = postProject
		{C2E443D5-E121-4CD5-99B9-003838FA85E5} = {C2E443D5-E121-4CD5-99B9-003838FA85E5}
	EndProjectSection
EndProject
Project("{9A19103F-16F7-4668-BE54-9A1E7A4F7556}") = "QBRecompiler", "..\QBRecompiler\QBRecompiler.csproj", "{CD391093-D68B-4F38-AAA3-E647CA6AF82B}"
	ProjectSection(ProjectDependencies) = postProject
		{C2E443D5-E121-4CD5-99B9-003838FA85E5} = {C2E443D5-E121-4CD5-99B9-003838FA85E5}
	EndProjectSection
EndProject
Project("{9A19103F-16F7-4668-BE54-9A1E7A4F7556}") = "MIDITester", "..\MIDITester\MIDITester.csproj", "{CFE35ABD-0B5B-4C85-971C-843D5FE597B4}"
EndProject
Project("{9A19103F-16F7-4668-BE54-9A1E7A4F7556}") = "GH-Toolkit-GUI", "..\GH-Toolkit-GUI\GH-Toolkit-GUI.csproj", "{2519DE8E-8CCB-4988-91B4-B9357C599BBC}"
	ProjectSection(ProjectDependencies) = postProject
		{C2E443D5-E121-4CD5-99B9-003838FA85E5} = {C2E443D5-E121-4CD5-99B9-003838FA85E5}
	EndProjectSection
EndProject
Project("{9A19103F-16F7-4668-BE54-9A1E7A4F7556}") = "FFMpegCore", "..\FFMpegCore\FFMpegCore\FFMpegCore.csproj", "{C78B3E4F-6B8B-4781-BF1F-56BCA14EDD9F}"
EndProject
Project("{9A19103F-16F7-4668-BE54-9A1E7A4F7556}") = "ScriptTester", "..\ScriptTester\ScriptTester.csproj", "{9594285E-90B9-42CD-851F-24048E1817F4}"
	ProjectSection(ProjectDependencies) = postProject
		{C2E443D5-E121-4CD5-99B9-003838FA85E5} = {C2E443D5-E121-4CD5-99B9-003838FA85E5}
	EndProjectSection
EndProject
Project("{9A19103F-16F7-4668-BE54-9A1E7A4F7556}") = "FileComparer", "..\FileComparer\FileComparer.csproj", "{F97E2D21-5B30-405F-9C41-58C9CDED3572}"
EndProject
Project("{9A19103F-16F7-4668-BE54-9A1E7A4F7556}") = "PAK Compiler", "..\Pak-Compiler\PAK Compiler.csproj", "{7FCCD6E9-7213-4FF5-B336-BEB522AFA97E}"
EndProject
Project("{9A19103F-16F7-4668-BE54-9A1E7A4F7556}") = "PAK Extractor", "..\PAK-Extractor\PAK Extractor.csproj", "{9A3792A3-FAD8-4B17-AD5B-2C89555EDE4D}"
EndProject
Project("{9A19103F-16F7-4668-BE54-9A1E7A4F7556}") = "WAD Compiler", "..\WAD-Compiler\WAD Compiler.csproj", "{C5C5594F-D99A-4365-8A2C-05DA0C063EAF}"
EndProject
Project("{9A19103F-16F7-4668-BE54-9A1E7A4F7556}") = "PAK Manipulator", "..\PAK Manipulator\PAK Manipulator.csproj", "{1487208C-FB5F-47E5-802D-DE1BB057AFF3}"
EndProject
Project("{9A19103F-16F7-4668-BE54-9A1E7A4F7556}") = "RemoveReadOnly", "..\RemoveReadOnly\RemoveReadOnly.csproj", "{20C591DB-C745-4841-9D24-622EE59E31DA}"
EndProject
Project("{9A19103F-16F7-4668-BE54-9A1E7A4F7556}") = "SKA-Tester", "..\SKA-Tester\SKA-Tester.csproj", "{1D302FAD-BEE6-477F-B4EC-696C27B7BE61}"
EndProject
Project("{FAE04EC0-301F-11D3-BF4B-00C04F79EFBC}") = "Pak-Decompressor", "..\Pak-Decompressor\Pak-Decompressor.csproj", "{11631A72-B00F-40F6-BEA2-ADD50BCE2D6A}"
EndProject
Project("{9A19103F-16F7-4668-BE54-9A1E7A4F7556}") = "GeneralTester", "..\NewSkaTester\GeneralTester.csproj", "{888DBBA6-6BD9-4322-AAF1-3BCCE03F8DB0}"
EndProject
Global
	GlobalSection(SolutionConfigurationPlatforms) = preSolution
		Debug|Any CPU = Debug|Any CPU
		Release|Any CPU = Release|Any CPU
	EndGlobalSection
	GlobalSection(ProjectConfigurationPlatforms) = postSolution
		{C2E443D5-E121-4CD5-99B9-003838FA85E5}.Debug|Any CPU.ActiveCfg = Debug|Any CPU
		{C2E443D5-E121-4CD5-99B9-003838FA85E5}.Debug|Any CPU.Build.0 = Debug|Any CPU
		{C2E443D5-E121-4CD5-99B9-003838FA85E5}.Release|Any CPU.ActiveCfg = Release|Any CPU
		{C2E443D5-E121-4CD5-99B9-003838FA85E5}.Release|Any CPU.Build.0 = Release|Any CPU
		{131287E0-34CD-4968-9AC4-9D49E456B8B7}.Debug|Any CPU.ActiveCfg = Debug|Any CPU
		{131287E0-34CD-4968-9AC4-9D49E456B8B7}.Debug|Any CPU.Build.0 = Debug|Any CPU
		{131287E0-34CD-4968-9AC4-9D49E456B8B7}.Release|Any CPU.ActiveCfg = Release|Any CPU
		{131287E0-34CD-4968-9AC4-9D49E456B8B7}.Release|Any CPU.Build.0 = Release|Any CPU
		{C7F0FDBE-3BB5-4E3E-A84B-36C1098C42F4}.Debug|Any CPU.ActiveCfg = Debug|Any CPU
		{C7F0FDBE-3BB5-4E3E-A84B-36C1098C42F4}.Debug|Any CPU.Build.0 = Debug|Any CPU
		{C7F0FDBE-3BB5-4E3E-A84B-36C1098C42F4}.Release|Any CPU.ActiveCfg = Release|Any CPU
		{C7F0FDBE-3BB5-4E3E-A84B-36C1098C42F4}.Release|Any CPU.Build.0 = Release|Any CPU
		{F76CCD46-328F-4036-8013-A74AC2BF5793}.Debug|Any CPU.ActiveCfg = Debug|Any CPU
		{F76CCD46-328F-4036-8013-A74AC2BF5793}.Debug|Any CPU.Build.0 = Debug|Any CPU
		{F76CCD46-328F-4036-8013-A74AC2BF5793}.Release|Any CPU.ActiveCfg = Release|Any CPU
		{F76CCD46-328F-4036-8013-A74AC2BF5793}.Release|Any CPU.Build.0 = Release|Any CPU
		{CD391093-D68B-4F38-AAA3-E647CA6AF82B}.Debug|Any CPU.ActiveCfg = Debug|Any CPU
		{CD391093-D68B-4F38-AAA3-E647CA6AF82B}.Debug|Any CPU.Build.0 = Debug|Any CPU
		{CD391093-D68B-4F38-AAA3-E647CA6AF82B}.Release|Any CPU.ActiveCfg = Release|Any CPU
		{CD391093-D68B-4F38-AAA3-E647CA6AF82B}.Release|Any CPU.Build.0 = Release|Any CPU
		{CFE35ABD-0B5B-4C85-971C-843D5FE597B4}.Debug|Any CPU.ActiveCfg = Debug|Any CPU
		{CFE35ABD-0B5B-4C85-971C-843D5FE597B4}.Debug|Any CPU.Build.0 = Debug|Any CPU
		{CFE35ABD-0B5B-4C85-971C-843D5FE597B4}.Release|Any CPU.ActiveCfg = Release|Any CPU
		{CFE35ABD-0B5B-4C85-971C-843D5FE597B4}.Release|Any CPU.Build.0 = Release|Any CPU
		{2519DE8E-8CCB-4988-91B4-B9357C599BBC}.Debug|Any CPU.ActiveCfg = Debug|Any CPU
		{2519DE8E-8CCB-4988-91B4-B9357C599BBC}.Debug|Any CPU.Build.0 = Debug|Any CPU
		{2519DE8E-8CCB-4988-91B4-B9357C599BBC}.Release|Any CPU.ActiveCfg = Release|Any CPU
		{2519DE8E-8CCB-4988-91B4-B9357C599BBC}.Release|Any CPU.Build.0 = Release|Any CPU
		{C78B3E4F-6B8B-4781-BF1F-56BCA14EDD9F}.Debug|Any CPU.ActiveCfg = Debug|Any CPU
		{C78B3E4F-6B8B-4781-BF1F-56BCA14EDD9F}.Debug|Any CPU.Build.0 = Debug|Any CPU
		{C78B3E4F-6B8B-4781-BF1F-56BCA14EDD9F}.Release|Any CPU.ActiveCfg = Release|Any CPU
		{C78B3E4F-6B8B-4781-BF1F-56BCA14EDD9F}.Release|Any CPU.Build.0 = Release|Any CPU
		{9594285E-90B9-42CD-851F-24048E1817F4}.Debug|Any CPU.ActiveCfg = Debug|Any CPU
		{9594285E-90B9-42CD-851F-24048E1817F4}.Debug|Any CPU.Build.0 = Debug|Any CPU
		{9594285E-90B9-42CD-851F-24048E1817F4}.Release|Any CPU.ActiveCfg = Release|Any CPU
		{9594285E-90B9-42CD-851F-24048E1817F4}.Release|Any CPU.Build.0 = Release|Any CPU
		{F97E2D21-5B30-405F-9C41-58C9CDED3572}.Debug|Any CPU.ActiveCfg = Debug|Any CPU
		{F97E2D21-5B30-405F-9C41-58C9CDED3572}.Debug|Any CPU.Build.0 = Debug|Any CPU
		{F97E2D21-5B30-405F-9C41-58C9CDED3572}.Release|Any CPU.ActiveCfg = Release|Any CPU
		{F97E2D21-5B30-405F-9C41-58C9CDED3572}.Release|Any CPU.Build.0 = Release|Any CPU
		{7FCCD6E9-7213-4FF5-B336-BEB522AFA97E}.Debug|Any CPU.ActiveCfg = Debug|Any CPU
		{7FCCD6E9-7213-4FF5-B336-BEB522AFA97E}.Debug|Any CPU.Build.0 = Debug|Any CPU
		{7FCCD6E9-7213-4FF5-B336-BEB522AFA97E}.Release|Any CPU.ActiveCfg = Release|Any CPU
		{7FCCD6E9-7213-4FF5-B336-BEB522AFA97E}.Release|Any CPU.Build.0 = Release|Any CPU
		{9A3792A3-FAD8-4B17-AD5B-2C89555EDE4D}.Debug|Any CPU.ActiveCfg = Debug|Any CPU
		{9A3792A3-FAD8-4B17-AD5B-2C89555EDE4D}.Debug|Any CPU.Build.0 = Debug|Any CPU
		{9A3792A3-FAD8-4B17-AD5B-2C89555EDE4D}.Release|Any CPU.ActiveCfg = Release|Any CPU
		{9A3792A3-FAD8-4B17-AD5B-2C89555EDE4D}.Release|Any CPU.Build.0 = Release|Any CPU
		{C5C5594F-D99A-4365-8A2C-05DA0C063EAF}.Debug|Any CPU.ActiveCfg = Debug|Any CPU
		{C5C5594F-D99A-4365-8A2C-05DA0C063EAF}.Debug|Any CPU.Build.0 = Debug|Any CPU
		{C5C5594F-D99A-4365-8A2C-05DA0C063EAF}.Release|Any CPU.ActiveCfg = Release|Any CPU
		{C5C5594F-D99A-4365-8A2C-05DA0C063EAF}.Release|Any CPU.Build.0 = Release|Any CPU
		{1487208C-FB5F-47E5-802D-DE1BB057AFF3}.Debug|Any CPU.ActiveCfg = Debug|Any CPU
		{1487208C-FB5F-47E5-802D-DE1BB057AFF3}.Debug|Any CPU.Build.0 = Debug|Any CPU
		{1487208C-FB5F-47E5-802D-DE1BB057AFF3}.Release|Any CPU.ActiveCfg = Release|Any CPU
		{1487208C-FB5F-47E5-802D-DE1BB057AFF3}.Release|Any CPU.Build.0 = Release|Any CPU
		{20C591DB-C745-4841-9D24-622EE59E31DA}.Debug|Any CPU.ActiveCfg = Debug|Any CPU
		{20C591DB-C745-4841-9D24-622EE59E31DA}.Debug|Any CPU.Build.0 = Debug|Any CPU
		{20C591DB-C745-4841-9D24-622EE59E31DA}.Release|Any CPU.ActiveCfg = Release|Any CPU
		{20C591DB-C745-4841-9D24-622EE59E31DA}.Release|Any CPU.Build.0 = Release|Any CPU
		{1D302FAD-BEE6-477F-B4EC-696C27B7BE61}.Debug|Any CPU.ActiveCfg = Debug|Any CPU
		{1D302FAD-BEE6-477F-B4EC-696C27B7BE61}.Debug|Any CPU.Build.0 = Debug|Any CPU
		{1D302FAD-BEE6-477F-B4EC-696C27B7BE61}.Release|Any CPU.ActiveCfg = Release|Any CPU
		{1D302FAD-BEE6-477F-B4EC-696C27B7BE61}.Release|Any CPU.Build.0 = Release|Any CPU
		{11631A72-B00F-40F6-BEA2-ADD50BCE2D6A}.Debug|Any CPU.ActiveCfg = Debug|Any CPU
		{11631A72-B00F-40F6-BEA2-ADD50BCE2D6A}.Debug|Any CPU.Build.0 = Debug|Any CPU
		{11631A72-B00F-40F6-BEA2-ADD50BCE2D6A}.Release|Any CPU.ActiveCfg = Release|Any CPU
		{11631A72-B00F-40F6-BEA2-ADD50BCE2D6A}.Release|Any CPU.Build.0 = Release|Any CPU
		{888DBBA6-6BD9-4322-AAF1-3BCCE03F8DB0}.Debug|Any CPU.ActiveCfg = Debug|Any CPU
		{888DBBA6-6BD9-4322-AAF1-3BCCE03F8DB0}.Debug|Any CPU.Build.0 = Debug|Any CPU
		{888DBBA6-6BD9-4322-AAF1-3BCCE03F8DB0}.Release|Any CPU.ActiveCfg = Release|Any CPU
		{888DBBA6-6BD9-4322-AAF1-3BCCE03F8DB0}.Release|Any CPU.Build.0 = Release|Any CPU
	EndGlobalSection
	GlobalSection(SolutionProperties) = preSolution
		HideSolutionNode = FALSE
	EndGlobalSection
	GlobalSection(ExtensibilityGlobals) = postSolution
		SolutionGuid = {1BCDF6E6-BD30-43F1-95FD-8666DBF4A42D}
	EndGlobalSection
EndGlobal
