
Microsoft Visual Studio Solution File, Format Version 12.00
# Visual Studio Version 17
VisualStudioVersion = 17.5.33424.131
MinimumVisualStudioVersion = 10.0.40219.1
Project("{9A19103F-16F7-4668-BE54-9A1E7A4F7556}") = "GH-Toolkit-Core", "GH-Toolkit-Core.csproj", "{C2E443D5-E121-4CD5-99B9-003838FA85E5}"
EndProject
Project("{9A19103F-16F7-4668-BE54-9A1E7A4F7556}") = "QBKey-Gen", "..\QBKey-Gen\QBKey-Gen.csproj", "{131287E0-34CD-4968-9AC4-9D49E456B8B7}"
EndProject
Project("{9A19103F-16F7-4668-BE54-9A1E7A4F7556}") = "PAK Extractor", "..\PAK Extractor\PAK Extractor.csproj", "{D6370F02-27CC-4682-995D-A14648CE4C0A}"
	ProjectSection(ProjectDependencies) = postProject
		{C2E443D5-E121-4CD5-99B9-003838FA85E5} = {C2E443D5-E121-4CD5-99B9-003838FA85E5}
	EndProjectSection
EndProject
Project("{9A19103F-16F7-4668-BE54-9A1E7A4F7556}") = "PS2ArchiveExplorer", "..\PS2ArchiveExplorer\PS2ArchiveExplorer.csproj", "{C7F0FDBE-3BB5-4E3E-A84B-36C1098C42F4}"
	ProjectSection(ProjectDependencies) = postProject
		{C2E443D5-E121-4CD5-99B9-003838FA85E5} = {C2E443D5-E121-4CD5-99B9-003838FA85E5}
	EndProjectSection
EndProject
Project("{9A19103F-16F7-4668-BE54-9A1E7A4F7556}") = "WAD Compiler", "..\WAD Compiler\WAD Compiler.csproj", "{81C1045D-29D2-4300-B0DE-A086C4EC5795}"
	ProjectSection(ProjectDependencies) = postProject
		{C2E443D5-E121-4CD5-99B9-003838FA85E5} = {C2E443D5-E121-4CD5-99B9-003838FA85E5}
	EndProjectSection
EndProject
Project("{2150E333-8FDC-42A3-9474-1A3956D46DE8}") = "Solution Items", "Solution Items", "{4E6CC058-F9E9-4687-A909-981ED4733C2A}"
EndProject
Project("{9A19103F-16F7-4668-BE54-9A1E7A4F7556}") = "QBDecompiler", "..\QBDecompiler\QBDecompiler.csproj", "{F76CCD46-328F-4036-8013-A74AC2BF5793}"
	ProjectSection(ProjectDependencies) = postProject
		{C2E443D5-E121-4CD5-99B9-003838FA85E5} = {C2E443D5-E121-4CD5-99B9-003838FA85E5}
	EndProjectSection
EndProject
Project("{9A19103F-16F7-4668-BE54-9A1E7A4F7556}") = "QBRecompiler", "..\QBRecompiler\QBRecompiler.csproj", "{CD391093-D68B-4F38-AAA3-E647CA6AF82B}"
	ProjectSection(ProjectDependencies) = postProject
		{C2E443D5-E121-4CD5-99B9-003838FA85E5} = {C2E443D5-E121-4CD5-99B9-003838FA85E5}
	EndProjectSection
EndProject
Project("{9A19103F-16F7-4668-BE54-9A1E7A4F7556}") = "PAK Compiler", "..\PAK Compiler\PAK Compiler.csproj", "{88E30218-A4D8-463C-AB11-F9BDA4EAC6D0}"
	ProjectSection(ProjectDependencies) = postProject
		{C2E443D5-E121-4CD5-99B9-003838FA85E5} = {C2E443D5-E121-4CD5-99B9-003838FA85E5}
	EndProjectSection
EndProject
Project("{9A19103F-16F7-4668-BE54-9A1E7A4F7556}") = "FileComparer", "..\FileComparer\FileComparer.csproj", "{46A8256F-C9CF-43FD-952B-B80063AD92B6}"
	ProjectSection(ProjectDependencies) = postProject
		{C2E443D5-E121-4CD5-99B9-003838FA85E5} = {C2E443D5-E121-4CD5-99B9-003838FA85E5}
	EndProjectSection
EndProject
Project("{9A19103F-16F7-4668-BE54-9A1E7A4F7556}") = "MIDITester", "..\MIDITester\MIDITester.csproj", "{CFE35ABD-0B5B-4C85-971C-843D5FE597B4}"
EndProject
Project("{FAE04EC0-301F-11D3-BF4B-00C04F79EFBC}") = "PAK Manipulator", "..\PAK Manipulator\PAK Manipulator.csproj", "{16E292CD-12F7-412C-B426-0D92DF7B38CD}"
	ProjectSection(ProjectDependencies) = postProject
		{C2E443D5-E121-4CD5-99B9-003838FA85E5} = {C2E443D5-E121-4CD5-99B9-003838FA85E5}
	EndProjectSection
EndProject
Global
	GlobalSection(SolutionConfigurationPlatforms) = preSolution
		Debug|Any CPU = Debug|Any CPU
		Release|Any CPU = Release|Any CPU
	EndGlobalSection
	GlobalSection(ProjectConfigurationPlatforms) = postSolution
		{C2E443D5-E121-4CD5-99B9-003838FA85E5}.Debug|Any CPU.ActiveCfg = Debug|Any CPU
		{C2E443D5-E121-4CD5-99B9-003838FA85E5}.Debug|Any CPU.Build.0 = Debug|Any CPU
		{C2E443D5-E121-4CD5-99B9-003838FA85E5}.Release|Any CPU.ActiveCfg = Release|Any CPU
		{C2E443D5-E121-4CD5-99B9-003838FA85E5}.Release|Any CPU.Build.0 = Release|Any CPU
		{131287E0-34CD-4968-9AC4-9D49E456B8B7}.Debug|Any CPU.ActiveCfg = Debug|Any CPU
		{131287E0-34CD-4968-9AC4-9D49E456B8B7}.Debug|Any CPU.Build.0 = Debug|Any CPU
		{131287E0-34CD-4968-9AC4-9D49E456B8B7}.Release|Any CPU.ActiveCfg = Release|Any CPU
		{131287E0-34CD-4968-9AC4-9D49E456B8B7}.Release|Any CPU.Build.0 = Release|Any CPU
		{D6370F02-27CC-4682-995D-A14648CE4C0A}.Debug|Any CPU.ActiveCfg = Debug|Any CPU
		{D6370F02-27CC-4682-995D-A14648CE4C0A}.Debug|Any CPU.Build.0 = Debug|Any CPU
		{D6370F02-27CC-4682-995D-A14648CE4C0A}.Release|Any CPU.ActiveCfg = Release|Any CPU
		{D6370F02-27CC-4682-995D-A14648CE4C0A}.Release|Any CPU.Build.0 = Release|Any CPU
		{C7F0FDBE-3BB5-4E3E-A84B-36C1098C42F4}.Debug|Any CPU.ActiveCfg = Debug|Any CPU
		{C7F0FDBE-3BB5-4E3E-A84B-36C1098C42F4}.Debug|Any CPU.Build.0 = Debug|Any CPU
		{C7F0FDBE-3BB5-4E3E-A84B-36C1098C42F4}.Release|Any CPU.ActiveCfg = Release|Any CPU
		{C7F0FDBE-3BB5-4E3E-A84B-36C1098C42F4}.Release|Any CPU.Build.0 = Release|Any CPU
		{81C1045D-29D2-4300-B0DE-A086C4EC5795}.Debug|Any CPU.ActiveCfg = Debug|Any CPU
		{81C1045D-29D2-4300-B0DE-A086C4EC5795}.Debug|Any CPU.Build.0 = Debug|Any CPU
		{81C1045D-29D2-4300-B0DE-A086C4EC5795}.Release|Any CPU.ActiveCfg = Release|Any CPU
		{81C1045D-29D2-4300-B0DE-A086C4EC5795}.Release|Any CPU.Build.0 = Release|Any CPU
		{F76CCD46-328F-4036-8013-A74AC2BF5793}.Debug|Any CPU.ActiveCfg = Debug|Any CPU
		{F76CCD46-328F-4036-8013-A74AC2BF5793}.Debug|Any CPU.Build.0 = Debug|Any CPU
		{F76CCD46-328F-4036-8013-A74AC2BF5793}.Release|Any CPU.ActiveCfg = Release|Any CPU
		{F76CCD46-328F-4036-8013-A74AC2BF5793}.Release|Any CPU.Build.0 = Release|Any CPU
		{CD391093-D68B-4F38-AAA3-E647CA6AF82B}.Debug|Any CPU.ActiveCfg = Debug|Any CPU
		{CD391093-D68B-4F38-AAA3-E647CA6AF82B}.Debug|Any CPU.Build.0 = Debug|Any CPU
		{CD391093-D68B-4F38-AAA3-E647CA6AF82B}.Release|Any CPU.ActiveCfg = Release|Any CPU
		{CD391093-D68B-4F38-AAA3-E647CA6AF82B}.Release|Any CPU.Build.0 = Release|Any CPU
		{88E30218-A4D8-463C-AB11-F9BDA4EAC6D0}.Debug|Any CPU.ActiveCfg = Debug|Any CPU
		{88E30218-A4D8-463C-AB11-F9BDA4EAC6D0}.Debug|Any CPU.Build.0 = Debug|Any CPU
		{88E30218-A4D8-463C-AB11-F9BDA4EAC6D0}.Release|Any CPU.ActiveCfg = Release|Any CPU
		{88E30218-A4D8-463C-AB11-F9BDA4EAC6D0}.Release|Any CPU.Build.0 = Release|Any CPU
		{46A8256F-C9CF-43FD-952B-B80063AD92B6}.Debug|Any CPU.ActiveCfg = Debug|Any CPU
		{46A8256F-C9CF-43FD-952B-B80063AD92B6}.Debug|Any CPU.Build.0 = Debug|Any CPU
		{46A8256F-C9CF-43FD-952B-B80063AD92B6}.Release|Any CPU.ActiveCfg = Release|Any CPU
		{46A8256F-C9CF-43FD-952B-B80063AD92B6}.Release|Any CPU.Build.0 = Release|Any CPU
		{CFE35ABD-0B5B-4C85-971C-843D5FE597B4}.Debug|Any CPU.ActiveCfg = Debug|Any CPU
		{CFE35ABD-0B5B-4C85-971C-843D5FE597B4}.Debug|Any CPU.Build.0 = Debug|Any CPU
		{CFE35ABD-0B5B-4C85-971C-843D5FE597B4}.Release|Any CPU.ActiveCfg = Release|Any CPU
		{CFE35ABD-0B5B-4C85-971C-843D5FE597B4}.Release|Any CPU.Build.0 = Release|Any CPU
		{16E292CD-12F7-412C-B426-0D92DF7B38CD}.Debug|Any CPU.ActiveCfg = Debug|Any CPU
		{16E292CD-12F7-412C-B426-0D92DF7B38CD}.Debug|Any CPU.Build.0 = Debug|Any CPU
		{16E292CD-12F7-412C-B426-0D92DF7B38CD}.Release|Any CPU.ActiveCfg = Release|Any CPU
		{16E292CD-12F7-412C-B426-0D92DF7B38CD}.Release|Any CPU.Build.0 = Release|Any CPU
	EndGlobalSection
	GlobalSection(SolutionProperties) = preSolution
		HideSolutionNode = FALSE
	EndGlobalSection
	GlobalSection(ExtensibilityGlobals) = postSolution
		SolutionGuid = {1BCDF6E6-BD30-43F1-95FD-8666DBF4A42D}
	EndGlobalSection
EndGlobal
